
Microsoft Visual Studio Solution File, Format Version 12.00
# Visual Studio Version 17
VisualStudioVersion = 17.9.34622.214
MinimumVisualStudioVersion = 10.0.40219.1
Project("{FAE04EC0-301F-11D3-BF4B-00C04F79EFBC}") = "Punto2", "Punto2\Punto2.csproj", "{908926BC-3B38-48A1-906C-BC444982600C}"
EndProject
Global
	GlobalSection(SolutionConfigurationPlatforms) = preSolution
		Debug|Any CPU = Debug|Any CPU
		Release|Any CPU = Release|Any CPU
	EndGlobalSection
	GlobalSection(ProjectConfigurationPlatforms) = postSolution
		{908926BC-3B38-48A1-906C-BC444982600C}.Debug|Any CPU.ActiveCfg = Debug|Any CPU
		{908926BC-3B38-48A1-906C-BC444982600C}.Debug|Any CPU.Build.0 = Debug|Any CPU
		{908926BC-3B38-48A1-906C-BC444982600C}.Release|Any CPU.ActiveCfg = Release|Any CPU
		{908926BC-3B38-48A1-906C-BC444982600C}.Release|Any CPU.Build.0 = Release|Any CPU
	EndGlobalSection
	GlobalSection(SolutionProperties) = preSolution
		HideSolutionNode = FALSE
	EndGlobalSection
	GlobalSection(ExtensibilityGlobals) = postSolution
		SolutionGuid = {1C005635-BEBC-47AD-95DD-0221F5C60FC4}
	EndGlobalSection
EndGlobal
